
Microsoft Visual Studio Solution File, Format Version 12.00
# Visual Studio Version 16
VisualStudioVersion = 16.0.30711.63
MinimumVisualStudioVersion = 10.0.40219.1
Project("{2150E333-8FDC-42A3-9474-1A3956D46DE8}") = "Data", "Data", "{597349A9-DB69-49EA-9E0E-5BA2C85D4B38}"
EndProject
Project("{2150E333-8FDC-42A3-9474-1A3956D46DE8}") = "Infrastructure", "Infrastructure", "{5644FE36-2B13-4628-9EF7-D7169B82C4C5}"
EndProject
Project("{9A19103F-16F7-4668-BE54-9A1E7A4F7556}") = "Site.Data.Infrastructure", "Site.Data.Infrastructure\Site.Data.Infrastructure.csproj", "{ABB5497D-CB93-4FFA-AEFF-EE0D6DFA9502}"
EndProject
Project("{2150E333-8FDC-42A3-9474-1A3956D46DE8}") = "Model", "Model", "{CF2A7200-1FA1-4E6D-8E10-E783B17D49DC}"
EndProject
Project("{9A19103F-16F7-4668-BE54-9A1E7A4F7556}") = "Site.Model.Infrastructure", "Site.Model.Infrastructure\Site.Model.Infrastructure.csproj", "{D14B8B7F-C107-44F9-819F-AAFC21440824}"
EndProject
Project("{9A19103F-16F7-4668-BE54-9A1E7A4F7556}") = "Site.Model.Derived.EntityModel", "Site.Model.Derived.EntityModel\Site.Model.Derived.EntityModel.csproj", "{A00D6996-9243-4EFC-A9D8-01B621BF4152}"
EndProject
Project("{2150E333-8FDC-42A3-9474-1A3956D46DE8}") = "Model.Derived", "Model.Derived", "{E327B8E8-86D0-4B69-B502-E070EB1F2779}"
EndProject
Project("{9A19103F-16F7-4668-BE54-9A1E7A4F7556}") = "Site.Model.Derived.DtoModel", "Site.Model.Derived.DtoModel\Site.Model.Derived.DtoModel.csproj", "{9118B583-330A-4AC0-B656-5D5017332819}"
EndProject
Global
	GlobalSection(SolutionConfigurationPlatforms) = preSolution
		Debug|Any CPU = Debug|Any CPU
		Release|Any CPU = Release|Any CPU
	EndGlobalSection
	GlobalSection(ProjectConfigurationPlatforms) = postSolution
		{ABB5497D-CB93-4FFA-AEFF-EE0D6DFA9502}.Debug|Any CPU.ActiveCfg = Debug|Any CPU
		{ABB5497D-CB93-4FFA-AEFF-EE0D6DFA9502}.Debug|Any CPU.Build.0 = Debug|Any CPU
		{ABB5497D-CB93-4FFA-AEFF-EE0D6DFA9502}.Release|Any CPU.ActiveCfg = Release|Any CPU
		{ABB5497D-CB93-4FFA-AEFF-EE0D6DFA9502}.Release|Any CPU.Build.0 = Release|Any CPU
		{D14B8B7F-C107-44F9-819F-AAFC21440824}.Debug|Any CPU.ActiveCfg = Debug|Any CPU
		{D14B8B7F-C107-44F9-819F-AAFC21440824}.Debug|Any CPU.Build.0 = Debug|Any CPU
		{D14B8B7F-C107-44F9-819F-AAFC21440824}.Release|Any CPU.ActiveCfg = Release|Any CPU
		{D14B8B7F-C107-44F9-819F-AAFC21440824}.Release|Any CPU.Build.0 = Release|Any CPU
		{A00D6996-9243-4EFC-A9D8-01B621BF4152}.Debug|Any CPU.ActiveCfg = Debug|Any CPU
		{A00D6996-9243-4EFC-A9D8-01B621BF4152}.Debug|Any CPU.Build.0 = Debug|Any CPU
		{A00D6996-9243-4EFC-A9D8-01B621BF4152}.Release|Any CPU.ActiveCfg = Release|Any CPU
		{A00D6996-9243-4EFC-A9D8-01B621BF4152}.Release|Any CPU.Build.0 = Release|Any CPU
		{9118B583-330A-4AC0-B656-5D5017332819}.Debug|Any CPU.ActiveCfg = Debug|Any CPU
		{9118B583-330A-4AC0-B656-5D5017332819}.Debug|Any CPU.Build.0 = Debug|Any CPU
		{9118B583-330A-4AC0-B656-5D5017332819}.Release|Any CPU.ActiveCfg = Release|Any CPU
		{9118B583-330A-4AC0-B656-5D5017332819}.Release|Any CPU.Build.0 = Release|Any CPU
	EndGlobalSection
	GlobalSection(SolutionProperties) = preSolution
		HideSolutionNode = FALSE
	EndGlobalSection
	GlobalSection(NestedProjects) = preSolution
		{5644FE36-2B13-4628-9EF7-D7169B82C4C5} = {597349A9-DB69-49EA-9E0E-5BA2C85D4B38}
		{ABB5497D-CB93-4FFA-AEFF-EE0D6DFA9502} = {5644FE36-2B13-4628-9EF7-D7169B82C4C5}
		{D14B8B7F-C107-44F9-819F-AAFC21440824} = {CF2A7200-1FA1-4E6D-8E10-E783B17D49DC}
		{A00D6996-9243-4EFC-A9D8-01B621BF4152} = {E327B8E8-86D0-4B69-B502-E070EB1F2779}
		{E327B8E8-86D0-4B69-B502-E070EB1F2779} = {CF2A7200-1FA1-4E6D-8E10-E783B17D49DC}
		{9118B583-330A-4AC0-B656-5D5017332819} = {E327B8E8-86D0-4B69-B502-E070EB1F2779}
	EndGlobalSection
	GlobalSection(ExtensibilityGlobals) = postSolution
		SolutionGuid = {2A81237D-2ABC-4DEF-A83B-D667DE170F16}
	EndGlobalSection
EndGlobal
